
Microsoft Visual Studio Solution File, Format Version 12.00
# Visual Studio Version 16
VisualStudioVersion = 16.0.30503.244
MinimumVisualStudioVersion = 10.0.40219.1
Project("{9A19103F-16F7-4668-BE54-9A1E7A4F7556}") = "WeatherConsole", "WeatherConsole\WeatherConsole.csproj", "{311E850F-7263-4820-855B-185F8466BE8F}"
EndProject
Project("{9A19103F-16F7-4668-BE54-9A1E7A4F7556}") = "Meteorology", "Meteorology\Meteorology.csproj", "{BB9AC5F8-9AAC-401C-87DA-61D851D89A0C}"
EndProject
Project("{FAE04EC0-301F-11D3-BF4B-00C04F79EFBC}") = "MeteorologyTest", "MeteorologyTest\MeteorologyTest.csproj", "{1BA45C17-7F87-4D3D-BB60-1657214B1540}"
EndProject
Global
	GlobalSection(SolutionConfigurationPlatforms) = preSolution
		Debug|Any CPU = Debug|Any CPU
		Release|Any CPU = Release|Any CPU
	EndGlobalSection
	GlobalSection(ProjectConfigurationPlatforms) = postSolution
		{311E850F-7263-4820-855B-185F8466BE8F}.Debug|Any CPU.ActiveCfg = Debug|Any CPU
		{311E850F-7263-4820-855B-185F8466BE8F}.Debug|Any CPU.Build.0 = Debug|Any CPU
		{311E850F-7263-4820-855B-185F8466BE8F}.Release|Any CPU.ActiveCfg = Release|Any CPU
		{311E850F-7263-4820-855B-185F8466BE8F}.Release|Any CPU.Build.0 = Release|Any CPU
		{BB9AC5F8-9AAC-401C-87DA-61D851D89A0C}.Debug|Any CPU.ActiveCfg = Debug|Any CPU
		{BB9AC5F8-9AAC-401C-87DA-61D851D89A0C}.Debug|Any CPU.Build.0 = Debug|Any CPU
		{BB9AC5F8-9AAC-401C-87DA-61D851D89A0C}.Release|Any CPU.ActiveCfg = Release|Any CPU
		{BB9AC5F8-9AAC-401C-87DA-61D851D89A0C}.Release|Any CPU.Build.0 = Release|Any CPU
		{1BA45C17-7F87-4D3D-BB60-1657214B1540}.Debug|Any CPU.ActiveCfg = Debug|Any CPU
		{1BA45C17-7F87-4D3D-BB60-1657214B1540}.Debug|Any CPU.Build.0 = Debug|Any CPU
		{1BA45C17-7F87-4D3D-BB60-1657214B1540}.Release|Any CPU.ActiveCfg = Release|Any CPU
		{1BA45C17-7F87-4D3D-BB60-1657214B1540}.Release|Any CPU.Build.0 = Release|Any CPU
	EndGlobalSection
	GlobalSection(SolutionProperties) = preSolution
		HideSolutionNode = FALSE
	EndGlobalSection
	GlobalSection(ExtensibilityGlobals) = postSolution
		SolutionGuid = {4D589B26-156C-47B1-9F91-42DED3AF34F0}
	EndGlobalSection
EndGlobal
